
Microsoft Visual Studio Solution File, Format Version 12.00
# Visual Studio Version 16
VisualStudioVersion = 16.0.809.8
MinimumVisualStudioVersion = 10.0.40219.1
Project("{FAE04EC0-301F-11D3-BF4B-00C04F79EFBC}") = "Gestion", "Gestion\Gestion.csproj", "{B0D56508-75B4-45EF-8CEB-AD85C319B99C}"
EndProject
Global
	GlobalSection(SolutionConfigurationPlatforms) = preSolution
		Debug|Any CPU = Debug|Any CPU
		Release|Any CPU = Release|Any CPU
	EndGlobalSection
	GlobalSection(ProjectConfigurationPlatforms) = postSolution
		{B0D56508-75B4-45EF-8CEB-AD85C319B99C}.Debug|Any CPU.ActiveCfg = Debug|Any CPU
		{B0D56508-75B4-45EF-8CEB-AD85C319B99C}.Debug|Any CPU.Build.0 = Debug|Any CPU
		{B0D56508-75B4-45EF-8CEB-AD85C319B99C}.Release|Any CPU.ActiveCfg = Release|Any CPU
		{B0D56508-75B4-45EF-8CEB-AD85C319B99C}.Release|Any CPU.Build.0 = Release|Any CPU
	EndGlobalSection
	GlobalSection(SolutionProperties) = preSolution
		HideSolutionNode = FALSE
	EndGlobalSection
	GlobalSection(ExtensibilityGlobals) = postSolution
		SolutionGuid = {DBAC58C0-0333-4957-BE95-7309507B4885}
	EndGlobalSection
EndGlobal
